// !$*UTF8*$!
{
	archiveVersion = 1;
	classes = {
	};
	objectVersion = 51;
	objects = {

/* Begin PBXBuildFile section */
		9F9032A87EFCA012DEAA4760 /* Pods_WorkFlow.framework in Frameworks */ = {isa = PBXBuildFile; fileRef = 4AB8F17E473E1F7E5EC6B0E3 /* Pods_WorkFlow.framework */; };
		E7487EDB24F67B230031911E /* GoogleService-Info.plist in Resources */ = {isa = PBXBuildFile; fileRef = E7487EDA24F67B230031911E /* GoogleService-Info.plist */; };
		E77E86BD24F7F07B0055E30E /* HomeView.swift in Sources */ = {isa = PBXBuildFile; fileRef = E77E86BC24F7F07B0055E30E /* HomeView.swift */; };
		E77E86C424F8107C0055E30E /* SlideMenuView.swift in Sources */ = {isa = PBXBuildFile; fileRef = E77E86C324F8107C0055E30E /* SlideMenuView.swift */; };
		E7934AEE24F66FCA004DC745 /* AppDelegate.swift in Sources */ = {isa = PBXBuildFile; fileRef = E7934AED24F66FCA004DC745 /* AppDelegate.swift */; };
		E7934AF024F66FCA004DC745 /* SceneDelegate.swift in Sources */ = {isa = PBXBuildFile; fileRef = E7934AEF24F66FCA004DC745 /* SceneDelegate.swift */; };
		E7934AF224F66FCA004DC745 /* LoginView.swift in Sources */ = {isa = PBXBuildFile; fileRef = E7934AF124F66FCA004DC745 /* LoginView.swift */; };
		E7934AF424F66FCC004DC745 /* Assets.xcassets in Resources */ = {isa = PBXBuildFile; fileRef = E7934AF324F66FCC004DC745 /* Assets.xcassets */; };
		E7934AF724F66FCC004DC745 /* Preview Assets.xcassets in Resources */ = {isa = PBXBuildFile; fileRef = E7934AF624F66FCC004DC745 /* Preview Assets.xcassets */; };
		E7934AFA24F66FCC004DC745 /* LaunchScreen.storyboard in Resources */ = {isa = PBXBuildFile; fileRef = E7934AF824F66FCC004DC745 /* LaunchScreen.storyboard */; };
/* End PBXBuildFile section */

/* Begin PBXFileReference section */
		4AB8F17E473E1F7E5EC6B0E3 /* Pods_WorkFlow.framework */ = {isa = PBXFileReference; explicitFileType = wrapper.framework; includeInIndex = 0; path = Pods_WorkFlow.framework; sourceTree = BUILT_PRODUCTS_DIR; };
		9A277559088BC38E4DF9FF84 /* Pods-WorkFlow.debug.xcconfig */ = {isa = PBXFileReference; includeInIndex = 1; lastKnownFileType = text.xcconfig; name = "Pods-WorkFlow.debug.xcconfig"; path = "Target Support Files/Pods-WorkFlow/Pods-WorkFlow.debug.xcconfig"; sourceTree = "<group>"; };
		C1DBD050CC3E536A0A712FAE /* Pods-WorkFlow.release.xcconfig */ = {isa = PBXFileReference; includeInIndex = 1; lastKnownFileType = text.xcconfig; name = "Pods-WorkFlow.release.xcconfig"; path = "Target Support Files/Pods-WorkFlow/Pods-WorkFlow.release.xcconfig"; sourceTree = "<group>"; };
		E7487EDA24F67B230031911E /* GoogleService-Info.plist */ = {isa = PBXFileReference; lastKnownFileType = text.plist; path = "GoogleService-Info.plist"; sourceTree = SOURCE_ROOT; };
		E77E86BC24F7F07B0055E30E /* HomeView.swift */ = {isa = PBXFileReference; lastKnownFileType = sourcecode.swift; path = HomeView.swift; sourceTree = "<group>"; };
		E77E86C324F8107C0055E30E /* SlideMenuView.swift */ = {isa = PBXFileReference; lastKnownFileType = sourcecode.swift; path = SlideMenuView.swift; sourceTree = "<group>"; };
		E7934AEA24F66FCA004DC745 /* WorkFlow.app */ = {isa = PBXFileReference; explicitFileType = wrapper.application; includeInIndex = 0; path = WorkFlow.app; sourceTree = BUILT_PRODUCTS_DIR; };
		E7934AED24F66FCA004DC745 /* AppDelegate.swift */ = {isa = PBXFileReference; lastKnownFileType = sourcecode.swift; path = AppDelegate.swift; sourceTree = "<group>"; };
		E7934AEF24F66FCA004DC745 /* SceneDelegate.swift */ = {isa = PBXFileReference; lastKnownFileType = sourcecode.swift; path = SceneDelegate.swift; sourceTree = "<group>"; };
		E7934AF124F66FCA004DC745 /* LoginView.swift */ = {isa = PBXFileReference; lastKnownFileType = sourcecode.swift; path = LoginView.swift; sourceTree = "<group>"; };
		E7934AF324F66FCC004DC745 /* Assets.xcassets */ = {isa = PBXFileReference; lastKnownFileType = folder.assetcatalog; path = Assets.xcassets; sourceTree = "<group>"; };
		E7934AF624F66FCC004DC745 /* Preview Assets.xcassets */ = {isa = PBXFileReference; lastKnownFileType = folder.assetcatalog; path = "Preview Assets.xcassets"; sourceTree = "<group>"; };
		E7934AF924F66FCC004DC745 /* Base */ = {isa = PBXFileReference; lastKnownFileType = file.storyboard; name = Base; path = Base.lproj/LaunchScreen.storyboard; sourceTree = "<group>"; };
		E7934AFB24F66FCD004DC745 /* Info.plist */ = {isa = PBXFileReference; lastKnownFileType = text.plist.xml; path = Info.plist; sourceTree = "<group>"; };
/* End PBXFileReference section */

/* Begin PBXFrameworksBuildPhase section */
		E7934AE724F66FCA004DC745 /* Frameworks */ = {
			isa = PBXFrameworksBuildPhase;
			buildActionMask = 2147483647;
			files = (
				9F9032A87EFCA012DEAA4760 /* Pods_WorkFlow.framework in Frameworks */,
			);
			runOnlyForDeploymentPostprocessing = 0;
		};
/* End PBXFrameworksBuildPhase section */

/* Begin PBXGroup section */
		14126DEE4D17C5F4300CE7C6 /* Frameworks */ = {
			isa = PBXGroup;
			children = (
				4AB8F17E473E1F7E5EC6B0E3 /* Pods_WorkFlow.framework */,
			);
			name = Frameworks;
			sourceTree = "<group>";
		};
		3058AE5E8A5F071820950E83 /* Pods */ = {
			isa = PBXGroup;
			children = (
				9A277559088BC38E4DF9FF84 /* Pods-WorkFlow.debug.xcconfig */,
				C1DBD050CC3E536A0A712FAE /* Pods-WorkFlow.release.xcconfig */,
			);
			path = Pods;
			sourceTree = "<group>";
		};
		E7934AE124F66FCA004DC745 = {
			isa = PBXGroup;
			children = (
				E7934AEC24F66FCA004DC745 /* WorkFlow */,
				E7934AEB24F66FCA004DC745 /* Products */,
				3058AE5E8A5F071820950E83 /* Pods */,
				14126DEE4D17C5F4300CE7C6 /* Frameworks */,
			);
			sourceTree = "<group>";
		};
		E7934AEB24F66FCA004DC745 /* Products */ = {
			isa = PBXGroup;
			children = (
				E7934AEA24F66FCA004DC745 /* WorkFlow.app */,
			);
			name = Products;
			sourceTree = "<group>";
		};
		E7934AEC24F66FCA004DC745 /* WorkFlow */ = {
			isa = PBXGroup;
			children = (
				E7934AED24F66FCA004DC745 /* AppDelegate.swift */,
				E7934AEF24F66FCA004DC745 /* SceneDelegate.swift */,
				E7934AF124F66FCA004DC745 /* LoginView.swift */,
				E77E86BC24F7F07B0055E30E /* HomeView.swift */,
				E77E86C324F8107C0055E30E /* SlideMenuView.swift */,
				E7934AF324F66FCC004DC745 /* Assets.xcassets */,
				E7934AF824F66FCC004DC745 /* LaunchScreen.storyboard */,
				E7934AFB24F66FCD004DC745 /* Info.plist */,
				E7487EDA24F67B230031911E /* GoogleService-Info.plist */,
				E7934AF524F66FCC004DC745 /* Preview Content */,
			);
			path = WorkFlow;
			sourceTree = "<group>";
		};
		E7934AF524F66FCC004DC745 /* Preview Content */ = {
			isa = PBXGroup;
			children = (
				E7934AF624F66FCC004DC745 /* Preview Assets.xcassets */,
			);
			path = "Preview Content";
			sourceTree = "<group>";
		};
/* End PBXGroup section */

/* Begin PBXNativeTarget section */
		E7934AE924F66FCA004DC745 /* WorkFlow */ = {
			isa = PBXNativeTarget;
			buildConfigurationList = E7934AFE24F66FCD004DC745 /* Build configuration list for PBXNativeTarget "WorkFlow" */;
			buildPhases = (
				70036F27ED544CE17D11C244 /* [CP] Check Pods Manifest.lock */,
				E7934AE624F66FCA004DC745 /* Sources */,
				E7934AE724F66FCA004DC745 /* Frameworks */,
				E7934AE824F66FCA004DC745 /* Resources */,
				00096FC51F4C3A95012284E6 /* [CP] Embed Pods Frameworks */,
			);
			buildRules = (
			);
			dependencies = (
			);
			name = WorkFlow;
			productName = WorkFlow;
			productReference = E7934AEA24F66FCA004DC745 /* WorkFlow.app */;
			productType = "com.apple.product-type.application";
		};
/* End PBXNativeTarget section */

/* Begin PBXProject section */
		E7934AE224F66FCA004DC745 /* Project object */ = {
			isa = PBXProject;
			attributes = {
				LastSwiftUpdateCheck = 1160;
				LastUpgradeCheck = 1160;
				ORGANIZATIONNAME = WideNetwork;
				TargetAttributes = {
					E7934AE924F66FCA004DC745 = {
						CreatedOnToolsVersion = 11.6;
					};
				};
			};
			buildConfigurationList = E7934AE524F66FCA004DC745 /* Build configuration list for PBXProject "WorkFlow" */;
			compatibilityVersion = "Xcode 9.3";
			developmentRegion = en;
			hasScannedForEncodings = 0;
			knownRegions = (
				en,
				Base,
			);
			mainGroup = E7934AE124F66FCA004DC745;
			productRefGroup = E7934AEB24F66FCA004DC745 /* Products */;
			projectDirPath = "";
			projectRoot = "";
			targets = (
				E7934AE924F66FCA004DC745 /* WorkFlow */,
			);
		};
/* End PBXProject section */

/* Begin PBXResourcesBuildPhase section */
		E7934AE824F66FCA004DC745 /* Resources */ = {
			isa = PBXResourcesBuildPhase;
			buildActionMask = 2147483647;
			files = (
				E7934AFA24F66FCC004DC745 /* LaunchScreen.storyboard in Resources */,
				E7487EDB24F67B230031911E /* GoogleService-Info.plist in Resources */,
				E7934AF724F66FCC004DC745 /* Preview Assets.xcassets in Resources */,
				E7934AF424F66FCC004DC745 /* Assets.xcassets in Resources */,
			);
			runOnlyForDeploymentPostprocessing = 0;
		};
/* End PBXResourcesBuildPhase section */

/* Begin PBXShellScriptBuildPhase section */
		00096FC51F4C3A95012284E6 /* [CP] Embed Pods Frameworks */ = {
			isa = PBXShellScriptBuildPhase;
			buildActionMask = 2147483647;
			files = (
			);
			inputFileListPaths = (
				"${PODS_ROOT}/Target Support Files/Pods-WorkFlow/Pods-WorkFlow-frameworks-${CONFIGURATION}-input-files.xcfilelist",
			);
			name = "[CP] Embed Pods Frameworks";
			outputFileListPaths = (
				"${PODS_ROOT}/Target Support Files/Pods-WorkFlow/Pods-WorkFlow-frameworks-${CONFIGURATION}-output-files.xcfilelist",
			);
			runOnlyForDeploymentPostprocessing = 0;
			shellPath = /bin/sh;
			shellScript = "\"${PODS_ROOT}/Target Support Files/Pods-WorkFlow/Pods-WorkFlow-frameworks.sh\"\n";
			showEnvVarsInLog = 0;
		};
		70036F27ED544CE17D11C244 /* [CP] Check Pods Manifest.lock */ = {
			isa = PBXShellScriptBuildPhase;
			buildActionMask = 2147483647;
			files = (
			);
			inputFileListPaths = (
			);
			inputPaths = (
				"${PODS_PODFILE_DIR_PATH}/Podfile.lock",
				"${PODS_ROOT}/Manifest.lock",
			);
			name = "[CP] Check Pods Manifest.lock";
			outputFileListPaths = (
			);
			outputPaths = (
				"$(DERIVED_FILE_DIR)/Pods-WorkFlow-checkManifestLockResult.txt",
			);
			runOnlyForDeploymentPostprocessing = 0;
			shellPath = /bin/sh;
			shellScript = "diff \"${PODS_PODFILE_DIR_PATH}/Podfile.lock\" \"${PODS_ROOT}/Manifest.lock\" > /dev/null\nif [ $? != 0 ] ; then\n    # print error to STDERR\n    echo \"error: The sandbox is not in sync with the Podfile.lock. Run 'pod install' or update your CocoaPods installation.\" >&2\n    exit 1\nfi\n# This output is used by Xcode 'outputs' to avoid re-running this script phase.\necho \"SUCCESS\" > \"${SCRIPT_OUTPUT_FILE_0}\"\n";
			showEnvVarsInLog = 0;
		};
/* End PBXShellScriptBuildPhase section */

/* Begin PBXSourcesBuildPhase section */
		E7934AE624F66FCA004DC745 /* Sources */ = {
			isa = PBXSourcesBuildPhase;
			buildActionMask = 2147483647;
			files = (
				E7934AEE24F66FCA004DC745 /* AppDelegate.swift in Sources */,
				E77E86BD24F7F07B0055E30E /* HomeView.swift in Sources */,
				E77E86C424F8107C0055E30E /* SlideMenuView.swift in Sources */,
				E7934AF024F66FCA004DC745 /* SceneDelegate.swift in Sources */,
				E7934AF224F66FCA004DC745 /* LoginView.swift in Sources */,
			);
			runOnlyForDeploymentPostprocessing = 0;
		};
/* End PBXSourcesBuildPhase section */

/* Begin PBXVariantGroup section */
		E7934AF824F66FCC004DC745 /* LaunchScreen.storyboard */ = {
			isa = PBXVariantGroup;
			children = (
				E7934AF924F66FCC004DC745 /* Base */,
			);
			name = LaunchScreen.storyboard;
			sourceTree = "<group>";
		};
/* End PBXVariantGroup section */

/* Begin XCBuildConfiguration section */
		E7934AFC24F66FCD004DC745 /* Debug */ = {
			isa = XCBuildConfiguration;
			buildSettings = {
				ALWAYS_SEARCH_USER_PATHS = NO;
				CLANG_ANALYZER_NONNULL = YES;
				CLANG_ANALYZER_NUMBER_OBJECT_CONVERSION = YES_AGGRESSIVE;
				CLANG_CXX_LANGUAGE_STANDARD = "gnu++14";
				CLANG_CXX_LIBRARY = "libc++";
				CLANG_ENABLE_MODULES = YES;
				CLANG_ENABLE_OBJC_ARC = YES;
				CLANG_ENABLE_OBJC_WEAK = YES;
				CLANG_WARN_BLOCK_CAPTURE_AUTORELEASING = YES;
				CLANG_WARN_BOOL_CONVERSION = YES;
				CLANG_WARN_COMMA = YES;
				CLANG_WARN_CONSTANT_CONVERSION = YES;
				CLANG_WARN_DEPRECATED_OBJC_IMPLEMENTATIONS = YES;
				CLANG_WARN_DIRECT_OBJC_ISA_USAGE = YES_ERROR;
				CLANG_WARN_DOCUMENTATION_COMMENTS = YES;
				CLANG_WARN_EMPTY_BODY = YES;
				CLANG_WARN_ENUM_CONVERSION = YES;
				CLANG_WARN_INFINITE_RECURSION = YES;
				CLANG_WARN_INT_CONVERSION = YES;
				CLANG_WARN_NON_LITERAL_NULL_CONVERSION = YES;
				CLANG_WARN_OBJC_IMPLICIT_RETAIN_SELF = YES;
				CLANG_WARN_OBJC_LITERAL_CONVERSION = YES;
				CLANG_WARN_OBJC_ROOT_CLASS = YES_ERROR;
				CLANG_WARN_RANGE_LOOP_ANALYSIS = YES;
				CLANG_WARN_STRICT_PROTOTYPES = YES;
				CLANG_WARN_SUSPICIOUS_MOVE = YES;
				CLANG_WARN_UNGUARDED_AVAILABILITY = YES_AGGRESSIVE;
				CLANG_WARN_UNREACHABLE_CODE = YES;
				CLANG_WARN__DUPLICATE_METHOD_MATCH = YES;
				COPY_PHASE_STRIP = NO;
				DEBUG_INFORMATION_FORMAT = dwarf;
				ENABLE_STRICT_OBJC_MSGSEND = YES;
				ENABLE_TESTABILITY = YES;
				GCC_C_LANGUAGE_STANDARD = gnu11;
				GCC_DYNAMIC_NO_PIC = NO;
				GCC_NO_COMMON_BLOCKS = YES;
				GCC_OPTIMIZATION_LEVEL = 0;
				GCC_PREPROCESSOR_DEFINITIONS = (
					"DEBUG=1",
					"$(inherited)",
				);
				GCC_WARN_64_TO_32_BIT_CONVERSION = YES;
				GCC_WARN_ABOUT_RETURN_TYPE = YES_ERROR;
				GCC_WARN_UNDECLARED_SELECTOR = YES;
				GCC_WARN_UNINITIALIZED_AUTOS = YES_AGGRESSIVE;
				GCC_WARN_UNUSED_FUNCTION = YES;
				GCC_WARN_UNUSED_VARIABLE = YES;
				IPHONEOS_DEPLOYMENT_TARGET = 13.6;
				MTL_ENABLE_DEBUG_INFO = INCLUDE_SOURCE;
				MTL_FAST_MATH = YES;
				ONLY_ACTIVE_ARCH = YES;
				SDKROOT = iphoneos;
				SWIFT_ACTIVE_COMPILATION_CONDITIONS = DEBUG;
				SWIFT_OPTIMIZATION_LEVEL = "-Onone";
			};
			name = Debug;
		};
		E7934AFD24F66FCD004DC745 /* Release */ = {
			isa = XCBuildConfiguration;
			buildSettings = {
				ALWAYS_SEARCH_USER_PATHS = NO;
				CLANG_ANALYZER_NONNULL = YES;
				CLANG_ANALYZER_NUMBER_OBJECT_CONVERSION = YES_AGGRESSIVE;
				CLANG_CXX_LANGUAGE_STANDARD = "gnu++14";
				CLANG_CXX_LIBRARY = "libc++";
				CLANG_ENABLE_MODULES = YES;
				CLANG_ENABLE_OBJC_ARC = YES;
				CLANG_ENABLE_OBJC_WEAK = YES;
				CLANG_WARN_BLOCK_CAPTURE_AUTORELEASING = YES;
				CLANG_WARN_BOOL_CONVERSION = YES;
				CLANG_WARN_COMMA = YES;
				CLANG_WARN_CONSTANT_CONVERSION = YES;
				CLANG_WARN_DEPRECATED_OBJC_IMPLEMENTATIONS = YES;
				CLANG_WARN_DIRECT_OBJC_ISA_USAGE = YES_ERROR;
				CLANG_WARN_DOCUMENTATION_COMMENTS = YES;
				CLANG_WARN_EMPTY_BODY = YES;
				CLANG_WARN_ENUM_CONVERSION = YES;
				CLANG_WARN_INFINITE_RECURSION = YES;
				CLANG_WARN_INT_CONVERSION = YES;
				CLANG_WARN_NON_LITERAL_NULL_CONVERSION = YES;
				CLANG_WARN_OBJC_IMPLICIT_RETAIN_SELF = YES;
				CLANG_WARN_OBJC_LITERAL_CONVERSION = YES;
				CLANG_WARN_OBJC_ROOT_CLASS = YES_ERROR;
				CLANG_WARN_RANGE_LOOP_ANALYSIS = YES;
				CLANG_WARN_STRICT_PROTOTYPES = YES;
				CLANG_WARN_SUSPICIOUS_MOVE = YES;
				CLANG_WARN_UNGUARDED_AVAILABILITY = YES_AGGRESSIVE;
				CLANG_WARN_UNREACHABLE_CODE = YES;
				CLANG_WARN__DUPLICATE_METHOD_MATCH = YES;
				COPY_PHASE_STRIP = NO;
				DEBUG_INFORMATION_FORMAT = "dwarf-with-dsym";
				ENABLE_NS_ASSERTIONS = NO;
				ENABLE_STRICT_OBJC_MSGSEND = YES;
				GCC_C_LANGUAGE_STANDARD = gnu11;
				GCC_NO_COMMON_BLOCKS = YES;
				GCC_WARN_64_TO_32_BIT_CONVERSION = YES;
				GCC_WARN_ABOUT_RETURN_TYPE = YES_ERROR;
				GCC_WARN_UNDECLARED_SELECTOR = YES;
				GCC_WARN_UNINITIALIZED_AUTOS = YES_AGGRESSIVE;
				GCC_WARN_UNUSED_FUNCTION = YES;
				GCC_WARN_UNUSED_VARIABLE = YES;
				IPHONEOS_DEPLOYMENT_TARGET = 13.6;
				MTL_ENABLE_DEBUG_INFO = NO;
				MTL_FAST_MATH = YES;
				SDKROOT = iphoneos;
				SWIFT_COMPILATION_MODE = wholemodule;
				SWIFT_OPTIMIZATION_LEVEL = "-O";
				VALIDATE_PRODUCT = YES;
			};
			name = Release;
		};
		E7934AFF24F66FCD004DC745 /* Debug */ = {
			isa = XCBuildConfiguration;
			baseConfigurationReference = 9A277559088BC38E4DF9FF84 /* Pods-WorkFlow.debug.xcconfig */;
			buildSettings = {
				ASSETCATALOG_COMPILER_APPICON_NAME = AppIcon;
				CODE_SIGN_STYLE = Automatic;
				DEVELOPMENT_ASSET_PATHS = "\"WorkFlow/Preview Content\"";
				DEVELOPMENT_TEAM = 626AMH23DJ;
				ENABLE_PREVIEWS = YES;
				INFOPLIST_FILE = WorkFlow/Info.plist;
				LD_RUNPATH_SEARCH_PATHS = (
					"$(inherited)",
					"@executable_path/Frameworks",
				);
				PRODUCT_BUNDLE_IDENTIFIER = com.widenetwork.WorkFlow;
				PRODUCT_NAME = "$(TARGET_NAME)";
				SWIFT_VERSION = 5.0;
				TARGETED_DEVICE_FAMILY = "1,2";
			};
			name = Debug;
		};
		E7934B0024F66FCD004DC745 /* Release */ = {
			isa = XCBuildConfiguration;
			baseConfigurationReference = C1DBD050CC3E536A0A712FAE /* Pods-WorkFlow.release.xcconfig */;
			buildSettings = {
				ASSETCATALOG_COMPILER_APPICON_NAME = AppIcon;
				CODE_SIGN_STYLE = Automatic;
				DEVELOPMENT_ASSET_PATHS = "\"WorkFlow/Preview Content\"";
				DEVELOPMENT_TEAM = 626AMH23DJ;
				ENABLE_PREVIEWS = YES;
				INFOPLIST_FILE = WorkFlow/Info.plist;
				LD_RUNPATH_SEARCH_PATHS = (
					"$(inherited)",
					"@executable_path/Frameworks",
				);
				PRODUCT_BUNDLE_IDENTIFIER = com.widenetwork.WorkFlow;
				PRODUCT_NAME = "$(TARGET_NAME)";
				SWIFT_VERSION = 5.0;
				TARGETED_DEVICE_FAMILY = "1,2";
			};
			name = Release;
		};
/* End XCBuildConfiguration section */

/* Begin XCConfigurationList section */
		E7934AE524F66FCA004DC745 /* Build configuration list for PBXProject "WorkFlow" */ = {
			isa = XCConfigurationList;
			buildConfigurations = (
				E7934AFC24F66FCD004DC745 /* Debug */,
				E7934AFD24F66FCD004DC745 /* Release */,
			);
			defaultConfigurationIsVisible = 0;
			defaultConfigurationName = Release;
		};
		E7934AFE24F66FCD004DC745 /* Build configuration list for PBXNativeTarget "WorkFlow" */ = {
			isa = XCConfigurationList;
			buildConfigurations = (
				E7934AFF24F66FCD004DC745 /* Debug */,
				E7934B0024F66FCD004DC745 /* Release */,
			);
			defaultConfigurationIsVisible = 0;
			defaultConfigurationName = Release;
		};
/* End XCConfigurationList section */
	};
	rootObject = E7934AE224F66FCA004DC745 /* Project object */;
}
